
Microsoft Visual Studio Solution File, Format Version 12.00
# Visual Studio Version 17
VisualStudioVersion = 17.0.31903.59
MinimumVisualStudioVersion = 10.0.40219.1
Project("{2150E333-8FDC-42A3-9474-1A3956D46DE8}") = "src", "src", "{2EBE491B-755F-429D-8A6C-062314CB1FDE}"
EndProject
Project("{FAE04EC0-301F-11D3-BF4B-00C04F79EFBC}") = "WebApi", "src\WebApi\WebApi.csproj", "{BE6286E8-6102-40BA-8905-79D4E20C7ECF}"
EndProject
Project("{2150E333-8FDC-42A3-9474-1A3956D46DE8}") = "tests", "tests", "{A1E0BEA1-7E0A-456B-BF8F-E8EDA328CC05}"
EndProject
Project("{FAE04EC0-301F-11D3-BF4B-00C04F79EFBC}") = "WebApi.Tests", "tests\WebApi.Tests\WebApi.Tests.csproj", "{07012470-72CB-4DC1-8C4A-B4BD3A8D33C4}"
EndProject
Project("{FAE04EC0-301F-11D3-BF4B-00C04F79EFBC}") = "AIDataGenerator", "src\AIDataGenerator\AIDataGenerator.csproj", "{8963D17B-8704-4A9A-A4A6-4D81008258A6}"
EndProject
Global
	GlobalSection(SolutionConfigurationPlatforms) = preSolution
		Debug|Any CPU = Debug|Any CPU
		Release|Any CPU = Release|Any CPU
	EndGlobalSection
	GlobalSection(ProjectConfigurationPlatforms) = postSolution
		{BE6286E8-6102-40BA-8905-79D4E20C7ECF}.Debug|Any CPU.ActiveCfg = Debug|Any CPU
		{BE6286E8-6102-40BA-8905-79D4E20C7ECF}.Debug|Any CPU.Build.0 = Debug|Any CPU
		{BE6286E8-6102-40BA-8905-79D4E20C7ECF}.Release|Any CPU.ActiveCfg = Release|Any CPU
		{BE6286E8-6102-40BA-8905-79D4E20C7ECF}.Release|Any CPU.Build.0 = Release|Any CPU
		{07012470-72CB-4DC1-8C4A-B4BD3A8D33C4}.Debug|Any CPU.ActiveCfg = Debug|Any CPU
		{07012470-72CB-4DC1-8C4A-B4BD3A8D33C4}.Debug|Any CPU.Build.0 = Debug|Any CPU
		{07012470-72CB-4DC1-8C4A-B4BD3A8D33C4}.Release|Any CPU.ActiveCfg = Release|Any CPU
		{07012470-72CB-4DC1-8C4A-B4BD3A8D33C4}.Release|Any CPU.Build.0 = Release|Any CPU
		{8963D17B-8704-4A9A-A4A6-4D81008258A6}.Debug|Any CPU.ActiveCfg = Debug|Any CPU
		{8963D17B-8704-4A9A-A4A6-4D81008258A6}.Debug|Any CPU.Build.0 = Debug|Any CPU
		{8963D17B-8704-4A9A-A4A6-4D81008258A6}.Release|Any CPU.ActiveCfg = Release|Any CPU
		{8963D17B-8704-4A9A-A4A6-4D81008258A6}.Release|Any CPU.Build.0 = Release|Any CPU
	EndGlobalSection
	GlobalSection(SolutionProperties) = preSolution
		HideSolutionNode = FALSE
	EndGlobalSection
	GlobalSection(NestedProjects) = preSolution
		{BE6286E8-6102-40BA-8905-79D4E20C7ECF} = {2EBE491B-755F-429D-8A6C-062314CB1FDE}
		{07012470-72CB-4DC1-8C4A-B4BD3A8D33C4} = {A1E0BEA1-7E0A-456B-BF8F-E8EDA328CC05}
		{8963D17B-8704-4A9A-A4A6-4D81008258A6} = {2EBE491B-755F-429D-8A6C-062314CB1FDE}
	EndGlobalSection
EndGlobal
