
Microsoft Visual Studio Solution File, Format Version 12.00
# Visual Studio Version 17
VisualStudioVersion = 17.0.31903.59
MinimumVisualStudioVersion = 10.0.40219.1
Project("{2150E333-8FDC-42A3-9474-1A3956D46DE8}") = "src", "src", "{2EBE491B-755F-429D-8A6C-062314CB1FDE}"
EndProject
Project("{9A19103F-16F7-4668-BE54-9A1E7A4F7556}") = "BlazorApp", "src\BlazorApp\BlazorApp.csproj", "{5715CA30-CC47-465A-BA0B-225BE9A6D149}"
EndProject
Project("{9A19103F-16F7-4668-BE54-9A1E7A4F7556}") = "BlazorApp.Client", "src\BlazorApp.Client\BlazorApp.Client.csproj", "{68F79FB9-5DBB-4680-9E21-16B42E109775}"
EndProject
Project("{9A19103F-16F7-4668-BE54-9A1E7A4F7556}") = "WebApi", "src\WebApi\WebApi.csproj", "{BE6286E8-6102-40BA-8905-79D4E20C7ECF}"
EndProject
Project("{9A19103F-16F7-4668-BE54-9A1E7A4F7556}") = "AIDataGenerator", "src\AIDataGenerator\AIDataGenerator.csproj", "{8963D17B-8704-4A9A-A4A6-4D81008258A6}"
EndProject
Project("{9A19103F-16F7-4668-BE54-9A1E7A4F7556}") = "Domain", "src\Domain\Domain.csproj", "{B118E237-A6CB-4352-BAB8-4F7B10BA1FA4}"
EndProject
Project("{9A19103F-16F7-4668-BE54-9A1E7A4F7556}") = "Domain.Shared", "src\Domain.Shared\Domain.Shared.csproj", "{BEF86F1A-7DAB-44CE-989F-3B514263A9E1}"
EndProject
Project("{9A19103F-16F7-4668-BE54-9A1E7A4F7556}") = "Application", "src\Application\Application.csproj", "{9F1FE48B-C316-4E97-8AC7-CE33087D7F65}"
EndProject
Project("{9A19103F-16F7-4668-BE54-9A1E7A4F7556}") = "Application.Contracts", "src\Application.Contracts\Application.Contracts.csproj", "{7C4C8E52-3645-4605-ACC1-7EC004AE95DF}"
EndProject
Project("{2150E333-8FDC-42A3-9474-1A3956D46DE8}") = "tests", "tests", "{A1E0BEA1-7E0A-456B-BF8F-E8EDA328CC05}"
EndProject
Project("{9A19103F-16F7-4668-BE54-9A1E7A4F7556}") = "WebApi.Tests", "tests\WebApi.Tests\WebApi.Tests.csproj", "{07012470-72CB-4DC1-8C4A-B4BD3A8D33C4}"
EndProject
Project("{FAE04EC0-301F-11D3-BF4B-00C04F79EFBC}") = "AI", "src\AI\AI.csproj", "{196179F5-7352-4DAC-8758-BC20F7DEA44C}"
EndProject
Global
	GlobalSection(SolutionConfigurationPlatforms) = preSolution
		Debug|Any CPU = Debug|Any CPU
		Release|Any CPU = Release|Any CPU
	EndGlobalSection
	GlobalSection(ProjectConfigurationPlatforms) = postSolution
		{5715CA30-CC47-465A-BA0B-225BE9A6D149}.Debug|Any CPU.ActiveCfg = Debug|Any CPU
		{5715CA30-CC47-465A-BA0B-225BE9A6D149}.Debug|Any CPU.Build.0 = Debug|Any CPU
		{5715CA30-CC47-465A-BA0B-225BE9A6D149}.Release|Any CPU.ActiveCfg = Release|Any CPU
		{5715CA30-CC47-465A-BA0B-225BE9A6D149}.Release|Any CPU.Build.0 = Release|Any CPU
		{68F79FB9-5DBB-4680-9E21-16B42E109775}.Debug|Any CPU.ActiveCfg = Debug|Any CPU
		{68F79FB9-5DBB-4680-9E21-16B42E109775}.Debug|Any CPU.Build.0 = Debug|Any CPU
		{68F79FB9-5DBB-4680-9E21-16B42E109775}.Release|Any CPU.ActiveCfg = Release|Any CPU
		{68F79FB9-5DBB-4680-9E21-16B42E109775}.Release|Any CPU.Build.0 = Release|Any CPU
		{BE6286E8-6102-40BA-8905-79D4E20C7ECF}.Debug|Any CPU.ActiveCfg = Debug|Any CPU
		{BE6286E8-6102-40BA-8905-79D4E20C7ECF}.Debug|Any CPU.Build.0 = Debug|Any CPU
		{BE6286E8-6102-40BA-8905-79D4E20C7ECF}.Release|Any CPU.ActiveCfg = Release|Any CPU
		{BE6286E8-6102-40BA-8905-79D4E20C7ECF}.Release|Any CPU.Build.0 = Release|Any CPU
		{8963D17B-8704-4A9A-A4A6-4D81008258A6}.Debug|Any CPU.ActiveCfg = Debug|Any CPU
		{8963D17B-8704-4A9A-A4A6-4D81008258A6}.Debug|Any CPU.Build.0 = Debug|Any CPU
		{8963D17B-8704-4A9A-A4A6-4D81008258A6}.Release|Any CPU.ActiveCfg = Release|Any CPU
		{8963D17B-8704-4A9A-A4A6-4D81008258A6}.Release|Any CPU.Build.0 = Release|Any CPU
		{B118E237-A6CB-4352-BAB8-4F7B10BA1FA4}.Debug|Any CPU.ActiveCfg = Debug|Any CPU
		{B118E237-A6CB-4352-BAB8-4F7B10BA1FA4}.Debug|Any CPU.Build.0 = Debug|Any CPU
		{B118E237-A6CB-4352-BAB8-4F7B10BA1FA4}.Release|Any CPU.ActiveCfg = Release|Any CPU
		{B118E237-A6CB-4352-BAB8-4F7B10BA1FA4}.Release|Any CPU.Build.0 = Release|Any CPU
		{BEF86F1A-7DAB-44CE-989F-3B514263A9E1}.Debug|Any CPU.ActiveCfg = Debug|Any CPU
		{BEF86F1A-7DAB-44CE-989F-3B514263A9E1}.Debug|Any CPU.Build.0 = Debug|Any CPU
		{BEF86F1A-7DAB-44CE-989F-3B514263A9E1}.Release|Any CPU.ActiveCfg = Release|Any CPU
		{BEF86F1A-7DAB-44CE-989F-3B514263A9E1}.Release|Any CPU.Build.0 = Release|Any CPU
		{9F1FE48B-C316-4E97-8AC7-CE33087D7F65}.Debug|Any CPU.ActiveCfg = Debug|Any CPU
		{9F1FE48B-C316-4E97-8AC7-CE33087D7F65}.Debug|Any CPU.Build.0 = Debug|Any CPU
		{9F1FE48B-C316-4E97-8AC7-CE33087D7F65}.Release|Any CPU.ActiveCfg = Release|Any CPU
		{9F1FE48B-C316-4E97-8AC7-CE33087D7F65}.Release|Any CPU.Build.0 = Release|Any CPU
		{7C4C8E52-3645-4605-ACC1-7EC004AE95DF}.Debug|Any CPU.ActiveCfg = Debug|Any CPU
		{7C4C8E52-3645-4605-ACC1-7EC004AE95DF}.Debug|Any CPU.Build.0 = Debug|Any CPU
		{7C4C8E52-3645-4605-ACC1-7EC004AE95DF}.Release|Any CPU.ActiveCfg = Release|Any CPU
		{7C4C8E52-3645-4605-ACC1-7EC004AE95DF}.Release|Any CPU.Build.0 = Release|Any CPU
		{07012470-72CB-4DC1-8C4A-B4BD3A8D33C4}.Debug|Any CPU.ActiveCfg = Debug|Any CPU
		{07012470-72CB-4DC1-8C4A-B4BD3A8D33C4}.Debug|Any CPU.Build.0 = Debug|Any CPU
		{07012470-72CB-4DC1-8C4A-B4BD3A8D33C4}.Release|Any CPU.ActiveCfg = Release|Any CPU
		{07012470-72CB-4DC1-8C4A-B4BD3A8D33C4}.Release|Any CPU.Build.0 = Release|Any CPU
		{196179F5-7352-4DAC-8758-BC20F7DEA44C}.Debug|Any CPU.ActiveCfg = Debug|Any CPU
		{196179F5-7352-4DAC-8758-BC20F7DEA44C}.Debug|Any CPU.Build.0 = Debug|Any CPU
		{196179F5-7352-4DAC-8758-BC20F7DEA44C}.Release|Any CPU.ActiveCfg = Release|Any CPU
		{196179F5-7352-4DAC-8758-BC20F7DEA44C}.Release|Any CPU.Build.0 = Release|Any CPU
	EndGlobalSection
	GlobalSection(SolutionProperties) = preSolution
		HideSolutionNode = FALSE
	EndGlobalSection
	GlobalSection(NestedProjects) = preSolution
		{5715CA30-CC47-465A-BA0B-225BE9A6D149} = {2EBE491B-755F-429D-8A6C-062314CB1FDE}
		{68F79FB9-5DBB-4680-9E21-16B42E109775} = {2EBE491B-755F-429D-8A6C-062314CB1FDE}
		{BE6286E8-6102-40BA-8905-79D4E20C7ECF} = {2EBE491B-755F-429D-8A6C-062314CB1FDE}
		{8963D17B-8704-4A9A-A4A6-4D81008258A6} = {2EBE491B-755F-429D-8A6C-062314CB1FDE}
		{B118E237-A6CB-4352-BAB8-4F7B10BA1FA4} = {2EBE491B-755F-429D-8A6C-062314CB1FDE}
		{BEF86F1A-7DAB-44CE-989F-3B514263A9E1} = {2EBE491B-755F-429D-8A6C-062314CB1FDE}
		{9F1FE48B-C316-4E97-8AC7-CE33087D7F65} = {2EBE491B-755F-429D-8A6C-062314CB1FDE}
		{7C4C8E52-3645-4605-ACC1-7EC004AE95DF} = {2EBE491B-755F-429D-8A6C-062314CB1FDE}
		{07012470-72CB-4DC1-8C4A-B4BD3A8D33C4} = {A1E0BEA1-7E0A-456B-BF8F-E8EDA328CC05}
		{196179F5-7352-4DAC-8758-BC20F7DEA44C} = {2EBE491B-755F-429D-8A6C-062314CB1FDE}
	EndGlobalSection
	GlobalSection(ExtensibilityGlobals) = postSolution
		SolutionGuid = {46B332C2-5555-4792-A7C3-10FD31AA2581}
	EndGlobalSection
EndGlobal
